
Microsoft Visual Studio Solution File, Format Version 12.00
# Visual Studio 2013
VisualStudioVersion = 12.0.40629.0
MinimumVisualStudioVersion = 10.0.40219.1
Project("{8BC9CEB8-8B4A-11D0-8D11-00A0C91BC942}") = "NvBlast", "..\..\..\sdk\compiler\vc12win32-cmake\NvBlast.vcxproj", "{CECDA919-B2CC-3FF3-A180-0ABCAC6ADFF3}"
EndProject
Project("{8BC9CEB8-8B4A-11D0-8D11-00A0C91BC942}") = "NvBlastExtAuthoring", "..\..\..\sdk\compiler\vc12win32-cmake\NvBlastExtAuthoring.vcxproj", "{70370187-3775-33F6-9B7F-86CEB7F525B4}"
EndProject
Project("{8BC9CEB8-8B4A-11D0-8D11-00A0C91BC942}") = "NvBlastExtCommon", "..\..\..\sdk\compiler\vc12win32-cmake\NvBlastExtCommon.vcxproj", "{5ED5D6F7-7375-33DC-849B-F76D345ADE09}"
EndProject
Project("{8BC9CEB8-8B4A-11D0-8D11-00A0C91BC942}") = "NvBlastExtImport", "..\..\..\sdk\compiler\vc12win32-cmake\NvBlastExtImport.vcxproj", "{A5C6992C-B997-31C4-802E-5907030C22C8}"
EndProject
Project("{8BC9CEB8-8B4A-11D0-8D11-00A0C91BC942}") = "NvBlastExtLowLevel", "..\..\..\sdk\compiler\vc12win32-cmake\NvBlastExtLowLevel.vcxproj", "{C5B7FF8A-A1FF-3462-A783-7B5E4E910CAB}"
EndProject
Project("{8BC9CEB8-8B4A-11D0-8D11-00A0C91BC942}") = "NvBlastExtPhysX", "..\..\..\sdk\compiler\vc12win32-cmake\NvBlastExtPhysX.vcxproj", "{43511545-F494-32A9-BF64-A2D79766B263}"
EndProject
Project("{8BC9CEB8-8B4A-11D0-8D11-00A0C91BC942}") = "NvBlastExtShaders", "..\..\..\sdk\compiler\vc12win32-cmake\NvBlastExtShaders.vcxproj", "{45887CDB-47F8-373B-B182-248422AE41D0}"
EndProject
Project("{8BC9CEB8-8B4A-11D0-8D11-00A0C91BC942}") = "NvBlastExtUtils", "..\..\..\sdk\compiler\vc12win32-cmake\NvBlastExtUtils.vcxproj", "{62D84420-BF23-30AF-BF97-DAD5F154CA78}"
EndProject
Project("{8BC9CEB8-8B4A-11D0-8D11-00A0C91BC942}") = "NvBlastTk", "..\..\..\sdk\compiler\vc12win32-cmake\NvBlastTk.vcxproj", "{88205506-528D-3A1A-ABA3-0B4589CFE8AE}"
EndProject
Project("{8BC9CEB8-8B4A-11D0-8D11-00A0C91BC942}") = "BlastPerfTests", "..\..\..\test\compiler\vc12win32-cmake\BlastPerfTests.vcxproj", "{0E34399E-F85C-3AC2-A81F-2DA4522241B3}"
	ProjectSection(ProjectDependencies) = postProject
		{88205506-528D-3A1A-ABA3-0B4589CFE8AE} = {88205506-528D-3A1A-ABA3-0B4589CFE8AE}
		{CECDA919-B2CC-3FF3-A180-0ABCAC6ADFF3} = {CECDA919-B2CC-3FF3-A180-0ABCAC6ADFF3}
		{62D84420-BF23-30AF-BF97-DAD5F154CA78} = {62D84420-BF23-30AF-BF97-DAD5F154CA78}
		{45887CDB-47F8-373B-B182-248422AE41D0} = {45887CDB-47F8-373B-B182-248422AE41D0}
		{5ED5D6F7-7375-33DC-849B-F76D345ADE09} = {5ED5D6F7-7375-33DC-849B-F76D345ADE09}
	EndProjectSection
EndProject
Project("{8BC9CEB8-8B4A-11D0-8D11-00A0C91BC942}") = "BlastUnitTests", "..\..\..\test\compiler\vc12win32-cmake\BlastUnitTests.vcxproj", "{55E06611-36DB-399D-8D9F-3798123BDA6D}"
	ProjectSection(ProjectDependencies) = postProject
		{88205506-528D-3A1A-ABA3-0B4589CFE8AE} = {88205506-528D-3A1A-ABA3-0B4589CFE8AE}
		{CECDA919-B2CC-3FF3-A180-0ABCAC6ADFF3} = {CECDA919-B2CC-3FF3-A180-0ABCAC6ADFF3}
		{62D84420-BF23-30AF-BF97-DAD5F154CA78} = {62D84420-BF23-30AF-BF97-DAD5F154CA78}
		{43511545-F494-32A9-BF64-A2D79766B263} = {43511545-F494-32A9-BF64-A2D79766B263}
		{45887CDB-47F8-373B-B182-248422AE41D0} = {45887CDB-47F8-373B-B182-248422AE41D0}
		{5ED5D6F7-7375-33DC-849B-F76D345ADE09} = {5ED5D6F7-7375-33DC-849B-F76D345ADE09}
	EndProjectSection
EndProject
Project("{8BC9CEB8-8B4A-11D0-8D11-00A0C91BC942}") = "SampleBase", "..\..\..\samples\compiler\vc12win32-cmake\SampleBase.vcxproj", "{D310947C-1613-3CD0-84C0-26E0CE4665C8}"
	ProjectSection(ProjectDependencies) = postProject
		{88205506-528D-3A1A-ABA3-0B4589CFE8AE} = {88205506-528D-3A1A-ABA3-0B4589CFE8AE}
		{CECDA919-B2CC-3FF3-A180-0ABCAC6ADFF3} = {CECDA919-B2CC-3FF3-A180-0ABCAC6ADFF3}
		{62D84420-BF23-30AF-BF97-DAD5F154CA78} = {62D84420-BF23-30AF-BF97-DAD5F154CA78}
		{43511545-F494-32A9-BF64-A2D79766B263} = {43511545-F494-32A9-BF64-A2D79766B263}
		{45887CDB-47F8-373B-B182-248422AE41D0} = {45887CDB-47F8-373B-B182-248422AE41D0}
		{5ED5D6F7-7375-33DC-849B-F76D345ADE09} = {5ED5D6F7-7375-33DC-849B-F76D345ADE09}
	EndProjectSection
EndProject
Project("{8BC9CEB8-8B4A-11D0-8D11-00A0C91BC942}") = "SampleAssetViewer", "..\..\..\samples\compiler\vc12win32-cmake\SampleAssetViewer.vcxproj", "{69A4D3EF-737D-3A25-979C-E841CC7B90CC}"
	ProjectSection(ProjectDependencies) = postProject
		{88205506-528D-3A1A-ABA3-0B4589CFE8AE} = {88205506-528D-3A1A-ABA3-0B4589CFE8AE}
		{CECDA919-B2CC-3FF3-A180-0ABCAC6ADFF3} = {CECDA919-B2CC-3FF3-A180-0ABCAC6ADFF3}
		{62D84420-BF23-30AF-BF97-DAD5F154CA78} = {62D84420-BF23-30AF-BF97-DAD5F154CA78}
		{43511545-F494-32A9-BF64-A2D79766B263} = {43511545-F494-32A9-BF64-A2D79766B263}
		{45887CDB-47F8-373B-B182-248422AE41D0} = {45887CDB-47F8-373B-B182-248422AE41D0}
		{5ED5D6F7-7375-33DC-849B-F76D345ADE09} = {5ED5D6F7-7375-33DC-849B-F76D345ADE09}
	EndProjectSection
EndProject
Project("{8BC9CEB8-8B4A-11D0-8D11-00A0C91BC942}") = "ApexImporter", "..\..\..\tools\compiler\vc12win32-cmake\ApexImporter.vcxproj", "{9BC9C17A-C65C-30CA-B07A-ACC899603C70}"
	ProjectSection(ProjectDependencies) = postProject
		{88205506-528D-3A1A-ABA3-0B4589CFE8AE} = {88205506-528D-3A1A-ABA3-0B4589CFE8AE}
		{CECDA919-B2CC-3FF3-A180-0ABCAC6ADFF3} = {CECDA919-B2CC-3FF3-A180-0ABCAC6ADFF3}
		{62D84420-BF23-30AF-BF97-DAD5F154CA78} = {62D84420-BF23-30AF-BF97-DAD5F154CA78}
		{43511545-F494-32A9-BF64-A2D79766B263} = {43511545-F494-32A9-BF64-A2D79766B263}
		{70370187-3775-33F6-9B7F-86CEB7F525B4} = {70370187-3775-33F6-9B7F-86CEB7F525B4}
		{45887CDB-47F8-373B-B182-248422AE41D0} = {45887CDB-47F8-373B-B182-248422AE41D0}
		{5ED5D6F7-7375-33DC-849B-F76D345ADE09} = {5ED5D6F7-7375-33DC-849B-F76D345ADE09}
	EndProjectSection
EndProject
Project("{8BC9CEB8-8B4A-11D0-8D11-00A0C91BC942}") = "AuthoringTool", "..\..\..\tools\compiler\vc12win32-cmake\AuthoringTool.vcxproj", "{69C75DFA-05E6-3699-8631-A1CEDF7CE098}"
	ProjectSection(ProjectDependencies) = postProject
		{88205506-528D-3A1A-ABA3-0B4589CFE8AE} = {88205506-528D-3A1A-ABA3-0B4589CFE8AE}
		{CECDA919-B2CC-3FF3-A180-0ABCAC6ADFF3} = {CECDA919-B2CC-3FF3-A180-0ABCAC6ADFF3}
		{62D84420-BF23-30AF-BF97-DAD5F154CA78} = {62D84420-BF23-30AF-BF97-DAD5F154CA78}
		{43511545-F494-32A9-BF64-A2D79766B263} = {43511545-F494-32A9-BF64-A2D79766B263}
		{70370187-3775-33F6-9B7F-86CEB7F525B4} = {70370187-3775-33F6-9B7F-86CEB7F525B4}
		{45887CDB-47F8-373B-B182-248422AE41D0} = {45887CDB-47F8-373B-B182-248422AE41D0}
		{5ED5D6F7-7375-33DC-849B-F76D345ADE09} = {5ED5D6F7-7375-33DC-849B-F76D345ADE09}
	EndProjectSection
EndProject
Project("{8BC9CEB8-8B4A-11D0-8D11-00A0C91BC942}") = "DataConverter", "..\..\..\tools\compiler\vc12win32-cmake\DataConverter.vcxproj", "{6683592D-F4BC-3F97-A2AE-920582AED050}"
	ProjectSection(ProjectDependencies) = postProject
		{CECDA919-B2CC-3FF3-A180-0ABCAC6ADFF3} = {CECDA919-B2CC-3FF3-A180-0ABCAC6ADFF3}
		{C5B7FF8A-A1FF-3462-A783-7B5E4E910CAB} = {C5B7FF8A-A1FF-3462-A783-7B5E4E910CAB}
	EndProjectSection
EndProject
Global
	GlobalSection(SolutionConfigurationPlatforms) = preSolution
		checked|Win32 = checked|Win32
		Debug|Win32 = Debug|Win32
		profile|Win32 = profile|Win32
		Release|Win32 = Release|Win32
	EndGlobalSection
	GlobalSection(ProjectConfigurationPlatforms) = postSolution
		{CECDA919-B2CC-3FF3-A180-0ABCAC6ADFF3}.checked|Win32.ActiveCfg = checked|Win32
		{CECDA919-B2CC-3FF3-A180-0ABCAC6ADFF3}.checked|Win32.Build.0 = checked|Win32
		{CECDA919-B2CC-3FF3-A180-0ABCAC6ADFF3}.Debug|Win32.ActiveCfg = debug|Win32
		{CECDA919-B2CC-3FF3-A180-0ABCAC6ADFF3}.Debug|Win32.Build.0 = debug|Win32
		{CECDA919-B2CC-3FF3-A180-0ABCAC6ADFF3}.profile|Win32.ActiveCfg = profile|Win32
		{CECDA919-B2CC-3FF3-A180-0ABCAC6ADFF3}.profile|Win32.Build.0 = profile|Win32
		{CECDA919-B2CC-3FF3-A180-0ABCAC6ADFF3}.Release|Win32.ActiveCfg = release|Win32
		{CECDA919-B2CC-3FF3-A180-0ABCAC6ADFF3}.Release|Win32.Build.0 = release|Win32
		{70370187-3775-33F6-9B7F-86CEB7F525B4}.checked|Win32.ActiveCfg = checked|Win32
		{70370187-3775-33F6-9B7F-86CEB7F525B4}.checked|Win32.Build.0 = checked|Win32
		{70370187-3775-33F6-9B7F-86CEB7F525B4}.Debug|Win32.ActiveCfg = debug|Win32
		{70370187-3775-33F6-9B7F-86CEB7F525B4}.Debug|Win32.Build.0 = debug|Win32
		{70370187-3775-33F6-9B7F-86CEB7F525B4}.profile|Win32.ActiveCfg = profile|Win32
		{70370187-3775-33F6-9B7F-86CEB7F525B4}.profile|Win32.Build.0 = profile|Win32
		{70370187-3775-33F6-9B7F-86CEB7F525B4}.Release|Win32.ActiveCfg = release|Win32
		{70370187-3775-33F6-9B7F-86CEB7F525B4}.Release|Win32.Build.0 = release|Win32
		{5ED5D6F7-7375-33DC-849B-F76D345ADE09}.checked|Win32.ActiveCfg = checked|Win32
		{5ED5D6F7-7375-33DC-849B-F76D345ADE09}.checked|Win32.Build.0 = checked|Win32
		{5ED5D6F7-7375-33DC-849B-F76D345ADE09}.Debug|Win32.ActiveCfg = debug|Win32
		{5ED5D6F7-7375-33DC-849B-F76D345ADE09}.Debug|Win32.Build.0 = debug|Win32
		{5ED5D6F7-7375-33DC-849B-F76D345ADE09}.profile|Win32.ActiveCfg = profile|Win32
		{5ED5D6F7-7375-33DC-849B-F76D345ADE09}.profile|Win32.Build.0 = profile|Win32
		{5ED5D6F7-7375-33DC-849B-F76D345ADE09}.Release|Win32.ActiveCfg = release|Win32
		{5ED5D6F7-7375-33DC-849B-F76D345ADE09}.Release|Win32.Build.0 = release|Win32
		{A5C6992C-B997-31C4-802E-5907030C22C8}.checked|Win32.ActiveCfg = checked|Win32
		{A5C6992C-B997-31C4-802E-5907030C22C8}.checked|Win32.Build.0 = checked|Win32
		{A5C6992C-B997-31C4-802E-5907030C22C8}.Debug|Win32.ActiveCfg = debug|Win32
		{A5C6992C-B997-31C4-802E-5907030C22C8}.Debug|Win32.Build.0 = debug|Win32
		{A5C6992C-B997-31C4-802E-5907030C22C8}.profile|Win32.ActiveCfg = profile|Win32
		{A5C6992C-B997-31C4-802E-5907030C22C8}.profile|Win32.Build.0 = profile|Win32
		{A5C6992C-B997-31C4-802E-5907030C22C8}.Release|Win32.ActiveCfg = release|Win32
		{A5C6992C-B997-31C4-802E-5907030C22C8}.Release|Win32.Build.0 = release|Win32
		{C5B7FF8A-A1FF-3462-A783-7B5E4E910CAB}.checked|Win32.ActiveCfg = checked|Win32
		{C5B7FF8A-A1FF-3462-A783-7B5E4E910CAB}.checked|Win32.Build.0 = checked|Win32
		{C5B7FF8A-A1FF-3462-A783-7B5E4E910CAB}.Debug|Win32.ActiveCfg = debug|Win32
		{C5B7FF8A-A1FF-3462-A783-7B5E4E910CAB}.Debug|Win32.Build.0 = debug|Win32
		{C5B7FF8A-A1FF-3462-A783-7B5E4E910CAB}.profile|Win32.ActiveCfg = profile|Win32
		{C5B7FF8A-A1FF-3462-A783-7B5E4E910CAB}.profile|Win32.Build.0 = profile|Win32
		{C5B7FF8A-A1FF-3462-A783-7B5E4E910CAB}.Release|Win32.ActiveCfg = release|Win32
		{C5B7FF8A-A1FF-3462-A783-7B5E4E910CAB}.Release|Win32.Build.0 = release|Win32
		{43511545-F494-32A9-BF64-A2D79766B263}.checked|Win32.ActiveCfg = checked|Win32
		{43511545-F494-32A9-BF64-A2D79766B263}.checked|Win32.Build.0 = checked|Win32
		{43511545-F494-32A9-BF64-A2D79766B263}.Debug|Win32.ActiveCfg = debug|Win32
		{43511545-F494-32A9-BF64-A2D79766B263}.Debug|Win32.Build.0 = debug|Win32
		{43511545-F494-32A9-BF64-A2D79766B263}.profile|Win32.ActiveCfg = profile|Win32
		{43511545-F494-32A9-BF64-A2D79766B263}.profile|Win32.Build.0 = profile|Win32
		{43511545-F494-32A9-BF64-A2D79766B263}.Release|Win32.ActiveCfg = release|Win32
		{43511545-F494-32A9-BF64-A2D79766B263}.Release|Win32.Build.0 = release|Win32
		{45887CDB-47F8-373B-B182-248422AE41D0}.checked|Win32.ActiveCfg = checked|Win32
		{45887CDB-47F8-373B-B182-248422AE41D0}.checked|Win32.Build.0 = checked|Win32
		{45887CDB-47F8-373B-B182-248422AE41D0}.Debug|Win32.ActiveCfg = debug|Win32
		{45887CDB-47F8-373B-B182-248422AE41D0}.Debug|Win32.Build.0 = debug|Win32
		{45887CDB-47F8-373B-B182-248422AE41D0}.profile|Win32.ActiveCfg = profile|Win32
		{45887CDB-47F8-373B-B182-248422AE41D0}.profile|Win32.Build.0 = profile|Win32
		{45887CDB-47F8-373B-B182-248422AE41D0}.Release|Win32.ActiveCfg = release|Win32
		{45887CDB-47F8-373B-B182-248422AE41D0}.Release|Win32.Build.0 = release|Win32
		{62D84420-BF23-30AF-BF97-DAD5F154CA78}.checked|Win32.ActiveCfg = checked|Win32
		{62D84420-BF23-30AF-BF97-DAD5F154CA78}.checked|Win32.Build.0 = checked|Win32
		{62D84420-BF23-30AF-BF97-DAD5F154CA78}.Debug|Win32.ActiveCfg = debug|Win32
		{62D84420-BF23-30AF-BF97-DAD5F154CA78}.Debug|Win32.Build.0 = debug|Win32
		{62D84420-BF23-30AF-BF97-DAD5F154CA78}.profile|Win32.ActiveCfg = profile|Win32
		{62D84420-BF23-30AF-BF97-DAD5F154CA78}.profile|Win32.Build.0 = profile|Win32
		{62D84420-BF23-30AF-BF97-DAD5F154CA78}.Release|Win32.ActiveCfg = release|Win32
		{62D84420-BF23-30AF-BF97-DAD5F154CA78}.Release|Win32.Build.0 = release|Win32
		{88205506-528D-3A1A-ABA3-0B4589CFE8AE}.checked|Win32.ActiveCfg = checked|Win32
		{88205506-528D-3A1A-ABA3-0B4589CFE8AE}.checked|Win32.Build.0 = checked|Win32
		{88205506-528D-3A1A-ABA3-0B4589CFE8AE}.Debug|Win32.ActiveCfg = debug|Win32
		{88205506-528D-3A1A-ABA3-0B4589CFE8AE}.Debug|Win32.Build.0 = debug|Win32
		{88205506-528D-3A1A-ABA3-0B4589CFE8AE}.profile|Win32.ActiveCfg = profile|Win32
		{88205506-528D-3A1A-ABA3-0B4589CFE8AE}.profile|Win32.Build.0 = profile|Win32
		{88205506-528D-3A1A-ABA3-0B4589CFE8AE}.Release|Win32.ActiveCfg = release|Win32
		{88205506-528D-3A1A-ABA3-0B4589CFE8AE}.Release|Win32.Build.0 = release|Win32
		{0E34399E-F85C-3AC2-A81F-2DA4522241B3}.checked|Win32.ActiveCfg = checked|Win32
		{0E34399E-F85C-3AC2-A81F-2DA4522241B3}.checked|Win32.Build.0 = checked|Win32
		{0E34399E-F85C-3AC2-A81F-2DA4522241B3}.Debug|Win32.ActiveCfg = debug|Win32
		{0E34399E-F85C-3AC2-A81F-2DA4522241B3}.Debug|Win32.Build.0 = debug|Win32
		{0E34399E-F85C-3AC2-A81F-2DA4522241B3}.profile|Win32.ActiveCfg = profile|Win32
		{0E34399E-F85C-3AC2-A81F-2DA4522241B3}.profile|Win32.Build.0 = profile|Win32
		{0E34399E-F85C-3AC2-A81F-2DA4522241B3}.Release|Win32.ActiveCfg = release|Win32
		{0E34399E-F85C-3AC2-A81F-2DA4522241B3}.Release|Win32.Build.0 = release|Win32
		{55E06611-36DB-399D-8D9F-3798123BDA6D}.checked|Win32.ActiveCfg = checked|Win32
		{55E06611-36DB-399D-8D9F-3798123BDA6D}.checked|Win32.Build.0 = checked|Win32
		{55E06611-36DB-399D-8D9F-3798123BDA6D}.Debug|Win32.ActiveCfg = debug|Win32
		{55E06611-36DB-399D-8D9F-3798123BDA6D}.Debug|Win32.Build.0 = debug|Win32
		{55E06611-36DB-399D-8D9F-3798123BDA6D}.profile|Win32.ActiveCfg = profile|Win32
		{55E06611-36DB-399D-8D9F-3798123BDA6D}.profile|Win32.Build.0 = profile|Win32
		{55E06611-36DB-399D-8D9F-3798123BDA6D}.Release|Win32.ActiveCfg = release|Win32
		{55E06611-36DB-399D-8D9F-3798123BDA6D}.Release|Win32.Build.0 = release|Win32
		{D310947C-1613-3CD0-84C0-26E0CE4665C8}.checked|Win32.ActiveCfg = checked|Win32
		{D310947C-1613-3CD0-84C0-26E0CE4665C8}.checked|Win32.Build.0 = checked|Win32
		{D310947C-1613-3CD0-84C0-26E0CE4665C8}.Debug|Win32.ActiveCfg = debug|Win32
		{D310947C-1613-3CD0-84C0-26E0CE4665C8}.Debug|Win32.Build.0 = debug|Win32
		{D310947C-1613-3CD0-84C0-26E0CE4665C8}.profile|Win32.ActiveCfg = profile|Win32
		{D310947C-1613-3CD0-84C0-26E0CE4665C8}.profile|Win32.Build.0 = profile|Win32
		{D310947C-1613-3CD0-84C0-26E0CE4665C8}.Release|Win32.ActiveCfg = release|Win32
		{D310947C-1613-3CD0-84C0-26E0CE4665C8}.Release|Win32.Build.0 = release|Win32
		{69A4D3EF-737D-3A25-979C-E841CC7B90CC}.checked|Win32.ActiveCfg = checked|Win32
		{69A4D3EF-737D-3A25-979C-E841CC7B90CC}.checked|Win32.Build.0 = checked|Win32
		{69A4D3EF-737D-3A25-979C-E841CC7B90CC}.Debug|Win32.ActiveCfg = debug|Win32
		{69A4D3EF-737D-3A25-979C-E841CC7B90CC}.Debug|Win32.Build.0 = debug|Win32
		{69A4D3EF-737D-3A25-979C-E841CC7B90CC}.profile|Win32.ActiveCfg = profile|Win32
		{69A4D3EF-737D-3A25-979C-E841CC7B90CC}.profile|Win32.Build.0 = profile|Win32
		{69A4D3EF-737D-3A25-979C-E841CC7B90CC}.Release|Win32.ActiveCfg = release|Win32
		{69A4D3EF-737D-3A25-979C-E841CC7B90CC}.Release|Win32.Build.0 = release|Win32
		{9BC9C17A-C65C-30CA-B07A-ACC899603C70}.checked|Win32.ActiveCfg = checked|Win32
		{9BC9C17A-C65C-30CA-B07A-ACC899603C70}.checked|Win32.Build.0 = checked|Win32
		{9BC9C17A-C65C-30CA-B07A-ACC899603C70}.Debug|Win32.ActiveCfg = debug|Win32
		{9BC9C17A-C65C-30CA-B07A-ACC899603C70}.Debug|Win32.Build.0 = debug|Win32
		{9BC9C17A-C65C-30CA-B07A-ACC899603C70}.profile|Win32.ActiveCfg = profile|Win32
		{9BC9C17A-C65C-30CA-B07A-ACC899603C70}.profile|Win32.Build.0 = profile|Win32
		{9BC9C17A-C65C-30CA-B07A-ACC899603C70}.Release|Win32.ActiveCfg = release|Win32
		{9BC9C17A-C65C-30CA-B07A-ACC899603C70}.Release|Win32.Build.0 = release|Win32
		{69C75DFA-05E6-3699-8631-A1CEDF7CE098}.checked|Win32.ActiveCfg = checked|Win32
		{69C75DFA-05E6-3699-8631-A1CEDF7CE098}.checked|Win32.Build.0 = checked|Win32
		{69C75DFA-05E6-3699-8631-A1CEDF7CE098}.Debug|Win32.ActiveCfg = debug|Win32
		{69C75DFA-05E6-3699-8631-A1CEDF7CE098}.Debug|Win32.Build.0 = debug|Win32
		{69C75DFA-05E6-3699-8631-A1CEDF7CE098}.profile|Win32.ActiveCfg = profile|Win32
		{69C75DFA-05E6-3699-8631-A1CEDF7CE098}.profile|Win32.Build.0 = profile|Win32
		{69C75DFA-05E6-3699-8631-A1CEDF7CE098}.Release|Win32.ActiveCfg = release|Win32
		{69C75DFA-05E6-3699-8631-A1CEDF7CE098}.Release|Win32.Build.0 = release|Win32
		{6683592D-F4BC-3F97-A2AE-920582AED050}.checked|Win32.ActiveCfg = checked|Win32
		{6683592D-F4BC-3F97-A2AE-920582AED050}.checked|Win32.Build.0 = checked|Win32
		{6683592D-F4BC-3F97-A2AE-920582AED050}.Debug|Win32.ActiveCfg = debug|Win32
		{6683592D-F4BC-3F97-A2AE-920582AED050}.Debug|Win32.Build.0 = debug|Win32
		{6683592D-F4BC-3F97-A2AE-920582AED050}.profile|Win32.ActiveCfg = profile|Win32
		{6683592D-F4BC-3F97-A2AE-920582AED050}.profile|Win32.Build.0 = profile|Win32
		{6683592D-F4BC-3F97-A2AE-920582AED050}.Release|Win32.ActiveCfg = release|Win32
		{6683592D-F4BC-3F97-A2AE-920582AED050}.Release|Win32.Build.0 = release|Win32
	EndGlobalSection
	GlobalSection(SolutionProperties) = preSolution
		HideSolutionNode = FALSE
	EndGlobalSection
EndGlobal
