
Microsoft Visual Studio Solution File, Format Version 12.00
# Visual Studio 2013
VisualStudioVersion = 12.0.40629.0
MinimumVisualStudioVersion = 10.0.40219.1
Project("{8BC9CEB8-8B4A-11D0-8D11-00A0C91BC942}") = "NvBlast", "..\..\..\sdk\compiler\vc12win64-cmake\NvBlast.vcxproj", "{7B77AFED-06A7-384B-84EA-4990407C4CE0}"
EndProject
Project("{8BC9CEB8-8B4A-11D0-8D11-00A0C91BC942}") = "NvBlastExtAuthoring", "..\..\..\sdk\compiler\vc12win64-cmake\NvBlastExtAuthoring.vcxproj", "{EDC077DA-DD53-3F6D-ABAD-9F5C7244D298}"
EndProject
Project("{8BC9CEB8-8B4A-11D0-8D11-00A0C91BC942}") = "NvBlastExtCommon", "..\..\..\sdk\compiler\vc12win64-cmake\NvBlastExtCommon.vcxproj", "{69E4588F-092B-3C0D-B43F-D7A0786489C1}"
EndProject
Project("{8BC9CEB8-8B4A-11D0-8D11-00A0C91BC942}") = "NvBlastExtImport", "..\..\..\sdk\compiler\vc12win64-cmake\NvBlastExtImport.vcxproj", "{C337D880-DD17-30F5-AC32-920894A3CDC2}"
EndProject
Project("{8BC9CEB8-8B4A-11D0-8D11-00A0C91BC942}") = "NvBlastExtLowLevel", "..\..\..\sdk\compiler\vc12win64-cmake\NvBlastExtLowLevel.vcxproj", "{32D4427C-0407-3D44-B510-9525F5C4D387}"
EndProject
Project("{8BC9CEB8-8B4A-11D0-8D11-00A0C91BC942}") = "NvBlastExtPhysX", "..\..\..\sdk\compiler\vc12win64-cmake\NvBlastExtPhysX.vcxproj", "{6C979B9E-34B0-3FB2-9FDB-60067651B97C}"
EndProject
Project("{8BC9CEB8-8B4A-11D0-8D11-00A0C91BC942}") = "NvBlastExtShaders", "..\..\..\sdk\compiler\vc12win64-cmake\NvBlastExtShaders.vcxproj", "{1B0A1B84-7964-36FF-84AA-D1F46546D348}"
EndProject
Project("{8BC9CEB8-8B4A-11D0-8D11-00A0C91BC942}") = "NvBlastExtUtils", "..\..\..\sdk\compiler\vc12win64-cmake\NvBlastExtUtils.vcxproj", "{37C3137F-A8BB-3A5F-85D0-2F862C1F9227}"
EndProject
Project("{8BC9CEB8-8B4A-11D0-8D11-00A0C91BC942}") = "NvBlastTk", "..\..\..\sdk\compiler\vc12win64-cmake\NvBlastTk.vcxproj", "{3DC743F7-CD71-38E3-A941-E18B11F64C44}"
EndProject
Project("{8BC9CEB8-8B4A-11D0-8D11-00A0C91BC942}") = "ApexImporter", "..\..\..\tools\compiler\vc12win64-cmake\ApexImporter.vcxproj", "{1332A24E-AD2D-3FE3-BD26-2D74DFE0987C}"
	ProjectSection(ProjectDependencies) = postProject
		{37C3137F-A8BB-3A5F-85D0-2F862C1F9227} = {37C3137F-A8BB-3A5F-85D0-2F862C1F9227}
		{C337D880-DD17-30F5-AC32-920894A3CDC2} = {C337D880-DD17-30F5-AC32-920894A3CDC2}
		{1B0A1B84-7964-36FF-84AA-D1F46546D348} = {1B0A1B84-7964-36FF-84AA-D1F46546D348}
		{69E4588F-092B-3C0D-B43F-D7A0786489C1} = {69E4588F-092B-3C0D-B43F-D7A0786489C1}
		{6C979B9E-34B0-3FB2-9FDB-60067651B97C} = {6C979B9E-34B0-3FB2-9FDB-60067651B97C}
		{EDC077DA-DD53-3F6D-ABAD-9F5C7244D298} = {EDC077DA-DD53-3F6D-ABAD-9F5C7244D298}
		{7B77AFED-06A7-384B-84EA-4990407C4CE0} = {7B77AFED-06A7-384B-84EA-4990407C4CE0}
		{3DC743F7-CD71-38E3-A941-E18B11F64C44} = {3DC743F7-CD71-38E3-A941-E18B11F64C44}
	EndProjectSection
EndProject
Project("{8BC9CEB8-8B4A-11D0-8D11-00A0C91BC942}") = "AuthoringTool", "..\..\..\tools\compiler\vc12win64-cmake\AuthoringTool.vcxproj", "{099AEF95-E225-33D6-B920-92FEE4B85832}"
	ProjectSection(ProjectDependencies) = postProject
		{37C3137F-A8BB-3A5F-85D0-2F862C1F9227} = {37C3137F-A8BB-3A5F-85D0-2F862C1F9227}
		{1B0A1B84-7964-36FF-84AA-D1F46546D348} = {1B0A1B84-7964-36FF-84AA-D1F46546D348}
		{69E4588F-092B-3C0D-B43F-D7A0786489C1} = {69E4588F-092B-3C0D-B43F-D7A0786489C1}
		{6C979B9E-34B0-3FB2-9FDB-60067651B97C} = {6C979B9E-34B0-3FB2-9FDB-60067651B97C}
		{EDC077DA-DD53-3F6D-ABAD-9F5C7244D298} = {EDC077DA-DD53-3F6D-ABAD-9F5C7244D298}
		{7B77AFED-06A7-384B-84EA-4990407C4CE0} = {7B77AFED-06A7-384B-84EA-4990407C4CE0}
		{3DC743F7-CD71-38E3-A941-E18B11F64C44} = {3DC743F7-CD71-38E3-A941-E18B11F64C44}
	EndProjectSection
EndProject
Project("{8BC9CEB8-8B4A-11D0-8D11-00A0C91BC942}") = "DataConverter", "..\..\..\tools\compiler\vc12win64-cmake\DataConverter.vcxproj", "{55189497-BE36-3E20-A671-59FAB689F09A}"
	ProjectSection(ProjectDependencies) = postProject
		{32D4427C-0407-3D44-B510-9525F5C4D387} = {32D4427C-0407-3D44-B510-9525F5C4D387}
		{7B77AFED-06A7-384B-84EA-4990407C4CE0} = {7B77AFED-06A7-384B-84EA-4990407C4CE0}
	EndProjectSection
EndProject
Project("{8BC9CEB8-8B4A-11D0-8D11-00A0C91BC942}") = "SampleAssetViewer", "..\..\..\samples\compiler\vc12win64-cmake\SampleAssetViewer.vcxproj", "{138FDD6A-3E03-3D27-B186-7802FBEC0C2F}"
EndProject
Project("{8BC9CEB8-8B4A-11D0-8D11-00A0C91BC942}") = "SampleBase", "..\..\..\samples\compiler\vc12win64-cmake\SampleBase.vcxproj", "{98914232-4299-3764-9D8C-933C2B1C19FE}"
	ProjectSection(ProjectDependencies) = postProject
		{37C3137F-A8BB-3A5F-85D0-2F862C1F9227} = {37C3137F-A8BB-3A5F-85D0-2F862C1F9227}
		{1B0A1B84-7964-36FF-84AA-D1F46546D348} = {1B0A1B84-7964-36FF-84AA-D1F46546D348}
		{69E4588F-092B-3C0D-B43F-D7A0786489C1} = {69E4588F-092B-3C0D-B43F-D7A0786489C1}
		{6C979B9E-34B0-3FB2-9FDB-60067651B97C} = {6C979B9E-34B0-3FB2-9FDB-60067651B97C}
		{7B77AFED-06A7-384B-84EA-4990407C4CE0} = {7B77AFED-06A7-384B-84EA-4990407C4CE0}
		{3DC743F7-CD71-38E3-A941-E18B11F64C44} = {3DC743F7-CD71-38E3-A941-E18B11F64C44}
	EndProjectSection
EndProject
Project("{8BC9CEB8-8B4A-11D0-8D11-00A0C91BC942}") = "BlastPerfTests", "..\..\..\test\compiler\vc12win64-cmake\BlastPerfTests.vcxproj", "{7CB8A706-EEA3-3C4F-A799-4A20B9450007}"
	ProjectSection(ProjectDependencies) = postProject
		{37C3137F-A8BB-3A5F-85D0-2F862C1F9227} = {37C3137F-A8BB-3A5F-85D0-2F862C1F9227}
		{1B0A1B84-7964-36FF-84AA-D1F46546D348} = {1B0A1B84-7964-36FF-84AA-D1F46546D348}
		{69E4588F-092B-3C0D-B43F-D7A0786489C1} = {69E4588F-092B-3C0D-B43F-D7A0786489C1}
		{7B77AFED-06A7-384B-84EA-4990407C4CE0} = {7B77AFED-06A7-384B-84EA-4990407C4CE0}
		{3DC743F7-CD71-38E3-A941-E18B11F64C44} = {3DC743F7-CD71-38E3-A941-E18B11F64C44}
	EndProjectSection
EndProject
Project("{8BC9CEB8-8B4A-11D0-8D11-00A0C91BC942}") = "BlastUnitTests", "..\..\..\test\compiler\vc12win64-cmake\BlastUnitTests.vcxproj", "{C5D7BD50-4CDD-3A5D-B7B5-189E4789E137}"
	ProjectSection(ProjectDependencies) = postProject
		{37C3137F-A8BB-3A5F-85D0-2F862C1F9227} = {37C3137F-A8BB-3A5F-85D0-2F862C1F9227}
		{1B0A1B84-7964-36FF-84AA-D1F46546D348} = {1B0A1B84-7964-36FF-84AA-D1F46546D348}
		{69E4588F-092B-3C0D-B43F-D7A0786489C1} = {69E4588F-092B-3C0D-B43F-D7A0786489C1}
		{6C979B9E-34B0-3FB2-9FDB-60067651B97C} = {6C979B9E-34B0-3FB2-9FDB-60067651B97C}
		{7B77AFED-06A7-384B-84EA-4990407C4CE0} = {7B77AFED-06A7-384B-84EA-4990407C4CE0}
	EndProjectSection
EndProject
Global
	GlobalSection(SolutionConfigurationPlatforms) = preSolution
		checked|x64 = checked|x64
		debug|x64 = debug|x64
		profile|x64 = profile|x64
		release|x64 = release|x64
	EndGlobalSection
	GlobalSection(ProjectConfigurationPlatforms) = postSolution
		{7B77AFED-06A7-384B-84EA-4990407C4CE0}.checked|x64.ActiveCfg = checked|x64
		{7B77AFED-06A7-384B-84EA-4990407C4CE0}.checked|x64.Build.0 = checked|x64
		{7B77AFED-06A7-384B-84EA-4990407C4CE0}.debug|x64.ActiveCfg = debug|x64
		{7B77AFED-06A7-384B-84EA-4990407C4CE0}.debug|x64.Build.0 = debug|x64
		{7B77AFED-06A7-384B-84EA-4990407C4CE0}.profile|x64.ActiveCfg = profile|x64
		{7B77AFED-06A7-384B-84EA-4990407C4CE0}.profile|x64.Build.0 = profile|x64
		{7B77AFED-06A7-384B-84EA-4990407C4CE0}.release|x64.ActiveCfg = release|x64
		{7B77AFED-06A7-384B-84EA-4990407C4CE0}.release|x64.Build.0 = release|x64
		{EDC077DA-DD53-3F6D-ABAD-9F5C7244D298}.checked|x64.ActiveCfg = checked|x64
		{EDC077DA-DD53-3F6D-ABAD-9F5C7244D298}.checked|x64.Build.0 = checked|x64
		{EDC077DA-DD53-3F6D-ABAD-9F5C7244D298}.debug|x64.ActiveCfg = debug|x64
		{EDC077DA-DD53-3F6D-ABAD-9F5C7244D298}.debug|x64.Build.0 = debug|x64
		{EDC077DA-DD53-3F6D-ABAD-9F5C7244D298}.profile|x64.ActiveCfg = profile|x64
		{EDC077DA-DD53-3F6D-ABAD-9F5C7244D298}.profile|x64.Build.0 = profile|x64
		{EDC077DA-DD53-3F6D-ABAD-9F5C7244D298}.release|x64.ActiveCfg = release|x64
		{EDC077DA-DD53-3F6D-ABAD-9F5C7244D298}.release|x64.Build.0 = release|x64
		{69E4588F-092B-3C0D-B43F-D7A0786489C1}.checked|x64.ActiveCfg = checked|x64
		{69E4588F-092B-3C0D-B43F-D7A0786489C1}.checked|x64.Build.0 = checked|x64
		{69E4588F-092B-3C0D-B43F-D7A0786489C1}.debug|x64.ActiveCfg = debug|x64
		{69E4588F-092B-3C0D-B43F-D7A0786489C1}.debug|x64.Build.0 = debug|x64
		{69E4588F-092B-3C0D-B43F-D7A0786489C1}.profile|x64.ActiveCfg = profile|x64
		{69E4588F-092B-3C0D-B43F-D7A0786489C1}.profile|x64.Build.0 = profile|x64
		{69E4588F-092B-3C0D-B43F-D7A0786489C1}.release|x64.ActiveCfg = release|x64
		{69E4588F-092B-3C0D-B43F-D7A0786489C1}.release|x64.Build.0 = release|x64
		{C337D880-DD17-30F5-AC32-920894A3CDC2}.checked|x64.ActiveCfg = checked|x64
		{C337D880-DD17-30F5-AC32-920894A3CDC2}.checked|x64.Build.0 = checked|x64
		{C337D880-DD17-30F5-AC32-920894A3CDC2}.debug|x64.ActiveCfg = debug|x64
		{C337D880-DD17-30F5-AC32-920894A3CDC2}.debug|x64.Build.0 = debug|x64
		{C337D880-DD17-30F5-AC32-920894A3CDC2}.profile|x64.ActiveCfg = profile|x64
		{C337D880-DD17-30F5-AC32-920894A3CDC2}.profile|x64.Build.0 = profile|x64
		{C337D880-DD17-30F5-AC32-920894A3CDC2}.release|x64.ActiveCfg = release|x64
		{C337D880-DD17-30F5-AC32-920894A3CDC2}.release|x64.Build.0 = release|x64
		{32D4427C-0407-3D44-B510-9525F5C4D387}.checked|x64.ActiveCfg = checked|x64
		{32D4427C-0407-3D44-B510-9525F5C4D387}.checked|x64.Build.0 = checked|x64
		{32D4427C-0407-3D44-B510-9525F5C4D387}.debug|x64.ActiveCfg = debug|x64
		{32D4427C-0407-3D44-B510-9525F5C4D387}.debug|x64.Build.0 = debug|x64
		{32D4427C-0407-3D44-B510-9525F5C4D387}.profile|x64.ActiveCfg = profile|x64
		{32D4427C-0407-3D44-B510-9525F5C4D387}.profile|x64.Build.0 = profile|x64
		{32D4427C-0407-3D44-B510-9525F5C4D387}.release|x64.ActiveCfg = release|x64
		{32D4427C-0407-3D44-B510-9525F5C4D387}.release|x64.Build.0 = release|x64
		{6C979B9E-34B0-3FB2-9FDB-60067651B97C}.checked|x64.ActiveCfg = checked|x64
		{6C979B9E-34B0-3FB2-9FDB-60067651B97C}.checked|x64.Build.0 = checked|x64
		{6C979B9E-34B0-3FB2-9FDB-60067651B97C}.debug|x64.ActiveCfg = debug|x64
		{6C979B9E-34B0-3FB2-9FDB-60067651B97C}.debug|x64.Build.0 = debug|x64
		{6C979B9E-34B0-3FB2-9FDB-60067651B97C}.profile|x64.ActiveCfg = profile|x64
		{6C979B9E-34B0-3FB2-9FDB-60067651B97C}.profile|x64.Build.0 = profile|x64
		{6C979B9E-34B0-3FB2-9FDB-60067651B97C}.release|x64.ActiveCfg = release|x64
		{6C979B9E-34B0-3FB2-9FDB-60067651B97C}.release|x64.Build.0 = release|x64
		{1B0A1B84-7964-36FF-84AA-D1F46546D348}.checked|x64.ActiveCfg = checked|x64
		{1B0A1B84-7964-36FF-84AA-D1F46546D348}.checked|x64.Build.0 = checked|x64
		{1B0A1B84-7964-36FF-84AA-D1F46546D348}.debug|x64.ActiveCfg = debug|x64
		{1B0A1B84-7964-36FF-84AA-D1F46546D348}.debug|x64.Build.0 = debug|x64
		{1B0A1B84-7964-36FF-84AA-D1F46546D348}.profile|x64.ActiveCfg = profile|x64
		{1B0A1B84-7964-36FF-84AA-D1F46546D348}.profile|x64.Build.0 = profile|x64
		{1B0A1B84-7964-36FF-84AA-D1F46546D348}.release|x64.ActiveCfg = release|x64
		{1B0A1B84-7964-36FF-84AA-D1F46546D348}.release|x64.Build.0 = release|x64
		{37C3137F-A8BB-3A5F-85D0-2F862C1F9227}.checked|x64.ActiveCfg = checked|x64
		{37C3137F-A8BB-3A5F-85D0-2F862C1F9227}.checked|x64.Build.0 = checked|x64
		{37C3137F-A8BB-3A5F-85D0-2F862C1F9227}.debug|x64.ActiveCfg = debug|x64
		{37C3137F-A8BB-3A5F-85D0-2F862C1F9227}.debug|x64.Build.0 = debug|x64
		{37C3137F-A8BB-3A5F-85D0-2F862C1F9227}.profile|x64.ActiveCfg = profile|x64
		{37C3137F-A8BB-3A5F-85D0-2F862C1F9227}.profile|x64.Build.0 = profile|x64
		{37C3137F-A8BB-3A5F-85D0-2F862C1F9227}.release|x64.ActiveCfg = release|x64
		{37C3137F-A8BB-3A5F-85D0-2F862C1F9227}.release|x64.Build.0 = release|x64
		{3DC743F7-CD71-38E3-A941-E18B11F64C44}.checked|x64.ActiveCfg = checked|x64
		{3DC743F7-CD71-38E3-A941-E18B11F64C44}.checked|x64.Build.0 = checked|x64
		{3DC743F7-CD71-38E3-A941-E18B11F64C44}.debug|x64.ActiveCfg = debug|x64
		{3DC743F7-CD71-38E3-A941-E18B11F64C44}.debug|x64.Build.0 = debug|x64
		{3DC743F7-CD71-38E3-A941-E18B11F64C44}.profile|x64.ActiveCfg = profile|x64
		{3DC743F7-CD71-38E3-A941-E18B11F64C44}.profile|x64.Build.0 = profile|x64
		{3DC743F7-CD71-38E3-A941-E18B11F64C44}.release|x64.ActiveCfg = release|x64
		{3DC743F7-CD71-38E3-A941-E18B11F64C44}.release|x64.Build.0 = release|x64
		{1332A24E-AD2D-3FE3-BD26-2D74DFE0987C}.checked|x64.ActiveCfg = checked|x64
		{1332A24E-AD2D-3FE3-BD26-2D74DFE0987C}.checked|x64.Build.0 = checked|x64
		{1332A24E-AD2D-3FE3-BD26-2D74DFE0987C}.debug|x64.ActiveCfg = debug|x64
		{1332A24E-AD2D-3FE3-BD26-2D74DFE0987C}.debug|x64.Build.0 = debug|x64
		{1332A24E-AD2D-3FE3-BD26-2D74DFE0987C}.profile|x64.ActiveCfg = profile|x64
		{1332A24E-AD2D-3FE3-BD26-2D74DFE0987C}.profile|x64.Build.0 = profile|x64
		{1332A24E-AD2D-3FE3-BD26-2D74DFE0987C}.release|x64.ActiveCfg = release|x64
		{1332A24E-AD2D-3FE3-BD26-2D74DFE0987C}.release|x64.Build.0 = release|x64
		{099AEF95-E225-33D6-B920-92FEE4B85832}.checked|x64.ActiveCfg = checked|x64
		{099AEF95-E225-33D6-B920-92FEE4B85832}.checked|x64.Build.0 = checked|x64
		{099AEF95-E225-33D6-B920-92FEE4B85832}.debug|x64.ActiveCfg = debug|x64
		{099AEF95-E225-33D6-B920-92FEE4B85832}.debug|x64.Build.0 = debug|x64
		{099AEF95-E225-33D6-B920-92FEE4B85832}.profile|x64.ActiveCfg = profile|x64
		{099AEF95-E225-33D6-B920-92FEE4B85832}.profile|x64.Build.0 = profile|x64
		{099AEF95-E225-33D6-B920-92FEE4B85832}.release|x64.ActiveCfg = release|x64
		{099AEF95-E225-33D6-B920-92FEE4B85832}.release|x64.Build.0 = release|x64
		{55189497-BE36-3E20-A671-59FAB689F09A}.checked|x64.ActiveCfg = checked|x64
		{55189497-BE36-3E20-A671-59FAB689F09A}.checked|x64.Build.0 = checked|x64
		{55189497-BE36-3E20-A671-59FAB689F09A}.debug|x64.ActiveCfg = debug|x64
		{55189497-BE36-3E20-A671-59FAB689F09A}.debug|x64.Build.0 = debug|x64
		{55189497-BE36-3E20-A671-59FAB689F09A}.profile|x64.ActiveCfg = profile|x64
		{55189497-BE36-3E20-A671-59FAB689F09A}.profile|x64.Build.0 = profile|x64
		{55189497-BE36-3E20-A671-59FAB689F09A}.release|x64.ActiveCfg = release|x64
		{55189497-BE36-3E20-A671-59FAB689F09A}.release|x64.Build.0 = release|x64
		{138FDD6A-3E03-3D27-B186-7802FBEC0C2F}.checked|x64.ActiveCfg = checked|x64
		{138FDD6A-3E03-3D27-B186-7802FBEC0C2F}.checked|x64.Build.0 = checked|x64
		{138FDD6A-3E03-3D27-B186-7802FBEC0C2F}.debug|x64.ActiveCfg = debug|x64
		{138FDD6A-3E03-3D27-B186-7802FBEC0C2F}.debug|x64.Build.0 = debug|x64
		{138FDD6A-3E03-3D27-B186-7802FBEC0C2F}.profile|x64.ActiveCfg = profile|x64
		{138FDD6A-3E03-3D27-B186-7802FBEC0C2F}.profile|x64.Build.0 = profile|x64
		{138FDD6A-3E03-3D27-B186-7802FBEC0C2F}.release|x64.ActiveCfg = release|x64
		{138FDD6A-3E03-3D27-B186-7802FBEC0C2F}.release|x64.Build.0 = release|x64
		{98914232-4299-3764-9D8C-933C2B1C19FE}.checked|x64.ActiveCfg = checked|x64
		{98914232-4299-3764-9D8C-933C2B1C19FE}.checked|x64.Build.0 = checked|x64
		{98914232-4299-3764-9D8C-933C2B1C19FE}.debug|x64.ActiveCfg = debug|x64
		{98914232-4299-3764-9D8C-933C2B1C19FE}.debug|x64.Build.0 = debug|x64
		{98914232-4299-3764-9D8C-933C2B1C19FE}.profile|x64.ActiveCfg = profile|x64
		{98914232-4299-3764-9D8C-933C2B1C19FE}.profile|x64.Build.0 = profile|x64
		{98914232-4299-3764-9D8C-933C2B1C19FE}.release|x64.ActiveCfg = release|x64
		{98914232-4299-3764-9D8C-933C2B1C19FE}.release|x64.Build.0 = release|x64
		{7CB8A706-EEA3-3C4F-A799-4A20B9450007}.checked|x64.ActiveCfg = checked|x64
		{7CB8A706-EEA3-3C4F-A799-4A20B9450007}.checked|x64.Build.0 = checked|x64
		{7CB8A706-EEA3-3C4F-A799-4A20B9450007}.debug|x64.ActiveCfg = debug|x64
		{7CB8A706-EEA3-3C4F-A799-4A20B9450007}.debug|x64.Build.0 = debug|x64
		{7CB8A706-EEA3-3C4F-A799-4A20B9450007}.profile|x64.ActiveCfg = profile|x64
		{7CB8A706-EEA3-3C4F-A799-4A20B9450007}.profile|x64.Build.0 = profile|x64
		{7CB8A706-EEA3-3C4F-A799-4A20B9450007}.release|x64.ActiveCfg = release|x64
		{7CB8A706-EEA3-3C4F-A799-4A20B9450007}.release|x64.Build.0 = release|x64
		{C5D7BD50-4CDD-3A5D-B7B5-189E4789E137}.checked|x64.ActiveCfg = checked|x64
		{C5D7BD50-4CDD-3A5D-B7B5-189E4789E137}.checked|x64.Build.0 = checked|x64
		{C5D7BD50-4CDD-3A5D-B7B5-189E4789E137}.debug|x64.ActiveCfg = debug|x64
		{C5D7BD50-4CDD-3A5D-B7B5-189E4789E137}.debug|x64.Build.0 = debug|x64
		{C5D7BD50-4CDD-3A5D-B7B5-189E4789E137}.profile|x64.ActiveCfg = profile|x64
		{C5D7BD50-4CDD-3A5D-B7B5-189E4789E137}.profile|x64.Build.0 = profile|x64
		{C5D7BD50-4CDD-3A5D-B7B5-189E4789E137}.release|x64.ActiveCfg = release|x64
		{C5D7BD50-4CDD-3A5D-B7B5-189E4789E137}.release|x64.Build.0 = release|x64
	EndGlobalSection
	GlobalSection(SolutionProperties) = preSolution
		HideSolutionNode = FALSE
	EndGlobalSection
EndGlobal
